Microsoft Visual Studio Solution File, Format Version 12.00
# Visual Studio Version 17
VisualStudioVersion = 17.5.2.0
MinimumVisualStudioVersion = 10.0.40219.1
Project("{FAE04EC0-301F-11D3-BF4B-00C04F79EFBC}") = "tcpip", "tcpip.csproj", "{866DDD9A-8652-2E34-2927-D0AFA98C7FA9}"
EndProject
Global
	GlobalSection(SolutionConfigurationPlatforms) = preSolution
		Debug|Any CPU = Debug|Any CPU
		Release|Any CPU = Release|Any CPU
	EndGlobalSection
	GlobalSection(ProjectConfigurationPlatforms) = postSolution
		{866DDD9A-8652-2E34-2927-D0AFA98C7FA9}.Debug|Any CPU.ActiveCfg = Debug|Any CPU
		{866DDD9A-8652-2E34-2927-D0AFA98C7FA9}.Debug|Any CPU.Build.0 = Debug|Any CPU
		{866DDD9A-8652-2E34-2927-D0AFA98C7FA9}.Release|Any CPU.ActiveCfg = Release|Any CPU
		{866DDD9A-8652-2E34-2927-D0AFA98C7FA9}.Release|Any CPU.Build.0 = Release|Any CPU
	EndGlobalSection
	GlobalSection(SolutionProperties) = preSolution
		HideSolutionNode = FALSE
	EndGlobalSection
	GlobalSection(ExtensibilityGlobals) = postSolution
		SolutionGuid = {00787F52-05A8-4F8C-94FF-8C16F4BDC699}
	EndGlobalSection
EndGlobal
