Microsoft Visual Studio Solution File, Format Version 12.00
# Visual Studio Version 17
VisualStudioVersion = 17.5.2.0
MinimumVisualStudioVersion = 10.0.40219.1
Project("{FAE04EC0-301F-11D3-BF4B-00C04F79EFBC}") = "mvc_1", "mvc_1.csproj", "{55DC0176-C75C-3079-EC08-2AFC56AA61A5}"
EndProject
Global
	GlobalSection(SolutionConfigurationPlatforms) = preSolution
		Debug|Any CPU = Debug|Any CPU
		Release|Any CPU = Release|Any CPU
	EndGlobalSection
	GlobalSection(ProjectConfigurationPlatforms) = postSolution
		{55DC0176-C75C-3079-EC08-2AFC56AA61A5}.Debug|Any CPU.ActiveCfg = Debug|Any CPU
		{55DC0176-C75C-3079-EC08-2AFC56AA61A5}.Debug|Any CPU.Build.0 = Debug|Any CPU
		{55DC0176-C75C-3079-EC08-2AFC56AA61A5}.Release|Any CPU.ActiveCfg = Release|Any CPU
		{55DC0176-C75C-3079-EC08-2AFC56AA61A5}.Release|Any CPU.Build.0 = Release|Any CPU
	EndGlobalSection
	GlobalSection(SolutionProperties) = preSolution
		HideSolutionNode = FALSE
	EndGlobalSection
	GlobalSection(ExtensibilityGlobals) = postSolution
		SolutionGuid = {476D526F-62B4-41A4-892D-11033801A257}
	EndGlobalSection
EndGlobal
