Microsoft Visual Studio Solution File, Format Version 12.00
# Visual Studio Version 17
VisualStudioVersion = 17.5.2.0
MinimumVisualStudioVersion = 10.0.40219.1
Project("{FAE04EC0-301F-11D3-BF4B-00C04F79EFBC}") = "Lektion_3", "Lektion_3.csproj", "{E36E3AAA-E8DC-2774-CD24-777F440A045E}"
EndProject
Global
	GlobalSection(SolutionConfigurationPlatforms) = preSolution
		Debug|Any CPU = Debug|Any CPU
		Release|Any CPU = Release|Any CPU
	EndGlobalSection
	GlobalSection(ProjectConfigurationPlatforms) = postSolution
		{E36E3AAA-E8DC-2774-CD24-777F440A045E}.Debug|Any CPU.ActiveCfg = Debug|Any CPU
		{E36E3AAA-E8DC-2774-CD24-777F440A045E}.Debug|Any CPU.Build.0 = Debug|Any CPU
		{E36E3AAA-E8DC-2774-CD24-777F440A045E}.Release|Any CPU.ActiveCfg = Release|Any CPU
		{E36E3AAA-E8DC-2774-CD24-777F440A045E}.Release|Any CPU.Build.0 = Release|Any CPU
	EndGlobalSection
	GlobalSection(SolutionProperties) = preSolution
		HideSolutionNode = FALSE
	EndGlobalSection
	GlobalSection(ExtensibilityGlobals) = postSolution
		SolutionGuid = {5072ADBD-D26C-43B0-8730-C56F46AEE6B5}
	EndGlobalSection
EndGlobal
