
Microsoft Visual Studio Solution File, Format Version 12.00
# Visual Studio Version 17
VisualStudioVersion = 17.0.31903.59
MinimumVisualStudioVersion = 10.0.40219.1
Project("{FAE04EC0-301F-11D3-BF4B-00C04F79EFBC}") = "PasswordValidator.Tests", "PasswordValidator.Tests\PasswordValidator.Tests.csproj", "{7A7662F8-335B-4C08-A12C-B2DA787E3846}"
EndProject
Project("{FAE04EC0-301F-11D3-BF4B-00C04F79EFBC}") = "PasswordValidator", "PasswordValidator\PasswordValidator.csproj", "{22DAC654-EECB-4D58-A255-1806DD6B4229}"
EndProject
Global
	GlobalSection(SolutionConfigurationPlatforms) = preSolution
		Debug|Any CPU = Debug|Any CPU
		Debug|x64 = Debug|x64
		Debug|x86 = Debug|x86
		Release|Any CPU = Release|Any CPU
		Release|x64 = Release|x64
		Release|x86 = Release|x86
	EndGlobalSection
	GlobalSection(ProjectConfigurationPlatforms) = postSolution
		{7A7662F8-335B-4C08-A12C-B2DA787E3846}.Debug|Any CPU.ActiveCfg = Debug|Any CPU
		{7A7662F8-335B-4C08-A12C-B2DA787E3846}.Debug|Any CPU.Build.0 = Debug|Any CPU
		{7A7662F8-335B-4C08-A12C-B2DA787E3846}.Debug|x64.ActiveCfg = Debug|Any CPU
		{7A7662F8-335B-4C08-A12C-B2DA787E3846}.Debug|x64.Build.0 = Debug|Any CPU
		{7A7662F8-335B-4C08-A12C-B2DA787E3846}.Debug|x86.ActiveCfg = Debug|Any CPU
		{7A7662F8-335B-4C08-A12C-B2DA787E3846}.Debug|x86.Build.0 = Debug|Any CPU
		{7A7662F8-335B-4C08-A12C-B2DA787E3846}.Release|Any CPU.ActiveCfg = Release|Any CPU
		{7A7662F8-335B-4C08-A12C-B2DA787E3846}.Release|Any CPU.Build.0 = Release|Any CPU
		{7A7662F8-335B-4C08-A12C-B2DA787E3846}.Release|x64.ActiveCfg = Release|Any CPU
		{7A7662F8-335B-4C08-A12C-B2DA787E3846}.Release|x64.Build.0 = Release|Any CPU
		{7A7662F8-335B-4C08-A12C-B2DA787E3846}.Release|x86.ActiveCfg = Release|Any CPU
		{7A7662F8-335B-4C08-A12C-B2DA787E3846}.Release|x86.Build.0 = Release|Any CPU
		{22DAC654-EECB-4D58-A255-1806DD6B4229}.Debug|Any CPU.ActiveCfg = Debug|Any CPU
		{22DAC654-EECB-4D58-A255-1806DD6B4229}.Debug|Any CPU.Build.0 = Debug|Any CPU
		{22DAC654-EECB-4D58-A255-1806DD6B4229}.Debug|x64.ActiveCfg = Debug|Any CPU
		{22DAC654-EECB-4D58-A255-1806DD6B4229}.Debug|x64.Build.0 = Debug|Any CPU
		{22DAC654-EECB-4D58-A255-1806DD6B4229}.Debug|x86.ActiveCfg = Debug|Any CPU
		{22DAC654-EECB-4D58-A255-1806DD6B4229}.Debug|x86.Build.0 = Debug|Any CPU
		{22DAC654-EECB-4D58-A255-1806DD6B4229}.Release|Any CPU.ActiveCfg = Release|Any CPU
		{22DAC654-EECB-4D58-A255-1806DD6B4229}.Release|Any CPU.Build.0 = Release|Any CPU
		{22DAC654-EECB-4D58-A255-1806DD6B4229}.Release|x64.ActiveCfg = Release|Any CPU
		{22DAC654-EECB-4D58-A255-1806DD6B4229}.Release|x64.Build.0 = Release|Any CPU
		{22DAC654-EECB-4D58-A255-1806DD6B4229}.Release|x86.ActiveCfg = Release|Any CPU
		{22DAC654-EECB-4D58-A255-1806DD6B4229}.Release|x86.Build.0 = Release|Any CPU
	EndGlobalSection
	GlobalSection(SolutionProperties) = preSolution
		HideSolutionNode = FALSE
	EndGlobalSection
EndGlobal
