Microsoft Visual Studio Solution File, Format Version 12.00
# Visual Studio Version 17
VisualStudioVersion = 17.5.2.0
MinimumVisualStudioVersion = 10.0.40219.1
Project("{FAE04EC0-301F-11D3-BF4B-00C04F79EFBC}") = "excercises_3", "excercises_3.csproj", "{9222216B-FAB2-F470-DC38-3DAC9032CC99}"
EndProject
Global
	GlobalSection(SolutionConfigurationPlatforms) = preSolution
		Debug|Any CPU = Debug|Any CPU
		Release|Any CPU = Release|Any CPU
	EndGlobalSection
	GlobalSection(ProjectConfigurationPlatforms) = postSolution
		{9222216B-FAB2-F470-DC38-3DAC9032CC99}.Debug|Any CPU.ActiveCfg = Debug|Any CPU
		{9222216B-FAB2-F470-DC38-3DAC9032CC99}.Debug|Any CPU.Build.0 = Debug|Any CPU
		{9222216B-FAB2-F470-DC38-3DAC9032CC99}.Release|Any CPU.ActiveCfg = Release|Any CPU
		{9222216B-FAB2-F470-DC38-3DAC9032CC99}.Release|Any CPU.Build.0 = Release|Any CPU
	EndGlobalSection
	GlobalSection(SolutionProperties) = preSolution
		HideSolutionNode = FALSE
	EndGlobalSection
	GlobalSection(ExtensibilityGlobals) = postSolution
		SolutionGuid = {A401F612-A0D1-44E8-9ADF-E813D85A5275}
	EndGlobalSection
EndGlobal
