Microsoft Visual Studio Solution File, Format Version 12.00
# Visual Studio Version 17
VisualStudioVersion = 17.5.2.0
MinimumVisualStudioVersion = 10.0.40219.1
Project("{FAE04EC0-301F-11D3-BF4B-00C04F79EFBC}") = "Lektion_7", "Lektion_7.csproj", "{E3529187-E394-DB46-F9A7-06CD5643855E}"
EndProject
Global
	GlobalSection(SolutionConfigurationPlatforms) = preSolution
		Debug|Any CPU = Debug|Any CPU
		Release|Any CPU = Release|Any CPU
	EndGlobalSection
	GlobalSection(ProjectConfigurationPlatforms) = postSolution
		{E3529187-E394-DB46-F9A7-06CD5643855E}.Debug|Any CPU.ActiveCfg = Debug|Any CPU
		{E3529187-E394-DB46-F9A7-06CD5643855E}.Debug|Any CPU.Build.0 = Debug|Any CPU
		{E3529187-E394-DB46-F9A7-06CD5643855E}.Release|Any CPU.ActiveCfg = Release|Any CPU
		{E3529187-E394-DB46-F9A7-06CD5643855E}.Release|Any CPU.Build.0 = Release|Any CPU
	EndGlobalSection
	GlobalSection(SolutionProperties) = preSolution
		HideSolutionNode = FALSE
	EndGlobalSection
	GlobalSection(ExtensibilityGlobals) = postSolution
		SolutionGuid = {5C072714-2BE0-40C3-B34E-43AB694B5ADD}
	EndGlobalSection
EndGlobal
