Microsoft Visual Studio Solution File, Format Version 12.00
# Visual Studio Version 17
VisualStudioVersion = 17.5.2.0
MinimumVisualStudioVersion = 10.0.40219.1
Project("{FAE04EC0-301F-11D3-BF4B-00C04F79EFBC}") = "dapper_orm", "dapper_orm.csproj", "{A62EF4DF-8792-829F-5B69-20B6645EEB1A}"
EndProject
Global
	GlobalSection(SolutionConfigurationPlatforms) = preSolution
		Debug|Any CPU = Debug|Any CPU
		Release|Any CPU = Release|Any CPU
	EndGlobalSection
	GlobalSection(ProjectConfigurationPlatforms) = postSolution
		{A62EF4DF-8792-829F-5B69-20B6645EEB1A}.Debug|Any CPU.ActiveCfg = Debug|Any CPU
		{A62EF4DF-8792-829F-5B69-20B6645EEB1A}.Debug|Any CPU.Build.0 = Debug|Any CPU
		{A62EF4DF-8792-829F-5B69-20B6645EEB1A}.Release|Any CPU.ActiveCfg = Release|Any CPU
		{A62EF4DF-8792-829F-5B69-20B6645EEB1A}.Release|Any CPU.Build.0 = Release|Any CPU
	EndGlobalSection
	GlobalSection(SolutionProperties) = preSolution
		HideSolutionNode = FALSE
	EndGlobalSection
	GlobalSection(ExtensibilityGlobals) = postSolution
		SolutionGuid = {630CF43D-1DA3-4DB1-9C36-92F7D0FDBED5}
	EndGlobalSection
EndGlobal
