Microsoft Visual Studio Solution File, Format Version 12.00
# Visual Studio Version 17
VisualStudioVersion = 17.5.2.0
MinimumVisualStudioVersion = 10.0.40219.1
Project("{FAE04EC0-301F-11D3-BF4B-00C04F79EFBC}") = "kort_projekt", "kort_projekt.csproj", "{F35499D6-0135-6654-23D7-C1A5E4AF95C7}"
EndProject
Global
	GlobalSection(SolutionConfigurationPlatforms) = preSolution
		Debug|Any CPU = Debug|Any CPU
		Release|Any CPU = Release|Any CPU
	EndGlobalSection
	GlobalSection(ProjectConfigurationPlatforms) = postSolution
		{F35499D6-0135-6654-23D7-C1A5E4AF95C7}.Debug|Any CPU.ActiveCfg = Debug|Any CPU
		{F35499D6-0135-6654-23D7-C1A5E4AF95C7}.Debug|Any CPU.Build.0 = Debug|Any CPU
		{F35499D6-0135-6654-23D7-C1A5E4AF95C7}.Release|Any CPU.ActiveCfg = Release|Any CPU
		{F35499D6-0135-6654-23D7-C1A5E4AF95C7}.Release|Any CPU.Build.0 = Release|Any CPU
	EndGlobalSection
	GlobalSection(SolutionProperties) = preSolution
		HideSolutionNode = FALSE
	EndGlobalSection
	GlobalSection(ExtensibilityGlobals) = postSolution
		SolutionGuid = {2E1393B9-4EFF-4EC6-ABE4-3A5A2F0131FC}
	EndGlobalSection
EndGlobal
